// !$*UTF8*$!
{
	archiveVersion = 1;
	classes = {
	};
	objectVersion = 52;
	objects = {

/* Begin PBXBuildFile section */
		8822CF5F26088CB3004AD656 /* RxSwift in Frameworks */ = {isa = PBXBuildFile; productRef = 8822CF5E26088CB3004AD656 /* RxSwift */; };
		8822CF6126088CB3004AD656 /* RxTest in Frameworks */ = {isa = PBXBuildFile; productRef = 8822CF6026088CB3004AD656 /* RxTest */; };
		8822CF6326088CB3004AD656 /* RxRelay in Frameworks */ = {isa = PBXBuildFile; productRef = 8822CF6226088CB3004AD656 /* RxRelay */; };
		8822CF6526088CB3004AD656 /* RxCocoa in Frameworks */ = {isa = PBXBuildFile; productRef = 8822CF6426088CB3004AD656 /* RxCocoa */; };
		8822CF6726088CB3004AD656 /* RxBlocking in Frameworks */ = {isa = PBXBuildFile; productRef = 8822CF6626088CB3004AD656 /* RxBlocking */; };
		88244BCD2607871C0013D9C9 /* Alamofire in Frameworks */ = {isa = PBXBuildFile; productRef = 88244BCC2607871C0013D9C9 /* Alamofire */; };
		883FFF6C25F763670092E125 /* SignUp.storyboard in Resources */ = {isa = PBXBuildFile; fileRef = 883FFF6B25F763670092E125 /* SignUp.storyboard */; };
		88D6614E25F6833000550B96 /* AppDelegate.swift in Sources */ = {isa = PBXBuildFile; fileRef = 88D6614D25F6833000550B96 /* AppDelegate.swift */; };
		88D6615025F6833000550B96 /* SceneDelegate.swift in Sources */ = {isa = PBXBuildFile; fileRef = 88D6614F25F6833000550B96 /* SceneDelegate.swift */; };
		88D6615225F6833000550B96 /* ViewController.swift in Sources */ = {isa = PBXBuildFile; fileRef = 88D6615125F6833000550B96 /* ViewController.swift */; };
		88D6615525F6833000550B96 /* Main.storyboard in Resources */ = {isa = PBXBuildFile; fileRef = 88D6615325F6833000550B96 /* Main.storyboard */; };
		88D6615725F6833200550B96 /* Assets.xcassets in Resources */ = {isa = PBXBuildFile; fileRef = 88D6615625F6833200550B96 /* Assets.xcassets */; };
		88D6615A25F6833200550B96 /* LaunchScreen.storyboard in Resources */ = {isa = PBXBuildFile; fileRef = 88D6615825F6833200550B96 /* LaunchScreen.storyboard */; };
/* End PBXBuildFile section */

/* Begin PBXFileReference section */
		883FFF6B25F763670092E125 /* SignUp.storyboard */ = {isa = PBXFileReference; lastKnownFileType = file.storyboard; path = SignUp.storyboard; sourceTree = "<group>"; };
		88D6614A25F6833000550B96 /* Koting.app */ = {isa = PBXFileReference; explicitFileType = wrapper.application; includeInIndex = 0; path = Koting.app; sourceTree = BUILT_PRODUCTS_DIR; };
		88D6614D25F6833000550B96 /* AppDelegate.swift */ = {isa = PBXFileReference; lastKnownFileType = sourcecode.swift; path = AppDelegate.swift; sourceTree = "<group>"; };
		88D6614F25F6833000550B96 /* SceneDelegate.swift */ = {isa = PBXFileReference; lastKnownFileType = sourcecode.swift; path = SceneDelegate.swift; sourceTree = "<group>"; };
		88D6615125F6833000550B96 /* ViewController.swift */ = {isa = PBXFileReference; lastKnownFileType = sourcecode.swift; path = ViewController.swift; sourceTree = "<group>"; };
		88D6615425F6833000550B96 /* Base */ = {isa = PBXFileReference; lastKnownFileType = file.storyboard; name = Base; path = Base.lproj/Main.storyboard; sourceTree = "<group>"; };
		88D6615625F6833200550B96 /* Assets.xcassets */ = {isa = PBXFileReference; lastKnownFileType = folder.assetcatalog; path = Assets.xcassets; sourceTree = "<group>"; };
		88D6615925F6833200550B96 /* Base */ = {isa = PBXFileReference; lastKnownFileType = file.storyboard; name = Base; path = Base.lproj/LaunchScreen.storyboard; sourceTree = "<group>"; };
		88D6615B25F6833200550B96 /* Info.plist */ = {isa = PBXFileReference; lastKnownFileType = text.plist.xml; path = Info.plist; sourceTree = "<group>"; };
/* End PBXFileReference section */

/* Begin PBXFrameworksBuildPhase section */
		88D6614725F6833000550B96 /* Frameworks */ = {
			isa = PBXFrameworksBuildPhase;
			buildActionMask = 2147483647;
			files = (
				8822CF5F26088CB3004AD656 /* RxSwift in Frameworks */,
				8822CF6726088CB3004AD656 /* RxBlocking in Frameworks */,
				8822CF6126088CB3004AD656 /* RxTest in Frameworks */,
				8822CF6526088CB3004AD656 /* RxCocoa in Frameworks */,
				8822CF6326088CB3004AD656 /* RxRelay in Frameworks */,
				88244BCD2607871C0013D9C9 /* Alamofire in Frameworks */,
			);
			runOnlyForDeploymentPostprocessing = 0;
		};
/* End PBXFrameworksBuildPhase section */

/* Begin PBXGroup section */
		883FFF6E25F765160092E125 /* SignUp */ = {
			isa = PBXGroup;
			children = (
				883FFF6B25F763670092E125 /* SignUp.storyboard */,
			);
			path = SignUp;
			sourceTree = "<group>";
		};
		88D6614125F6833000550B96 = {
			isa = PBXGroup;
			children = (
				883FFF6E25F765160092E125 /* SignUp */,
				88D6614C25F6833000550B96 /* Koting */,
				88D6614B25F6833000550B96 /* Products */,
			);
			sourceTree = "<group>";
		};
		88D6614B25F6833000550B96 /* Products */ = {
			isa = PBXGroup;
			children = (
				88D6614A25F6833000550B96 /* Koting.app */,
			);
			name = Products;
			sourceTree = "<group>";
		};
		88D6614C25F6833000550B96 /* Koting */ = {
			isa = PBXGroup;
			children = (
				88D6614D25F6833000550B96 /* AppDelegate.swift */,
				88D6614F25F6833000550B96 /* SceneDelegate.swift */,
				88D6615125F6833000550B96 /* ViewController.swift */,
				88D6615625F6833200550B96 /* Assets.xcassets */,
				88D6615B25F6833200550B96 /* Info.plist */,
				88D6615825F6833200550B96 /* LaunchScreen.storyboard */,
				88D6615325F6833000550B96 /* Main.storyboard */,
			);
			path = Koting;
			sourceTree = "<group>";
		};
/* End PBXGroup section */

/* Begin PBXNativeTarget section */
		88D6614925F6833000550B96 /* Koting */ = {
			isa = PBXNativeTarget;
			buildConfigurationList = 88D6615E25F6833200550B96 /* Build configuration list for PBXNativeTarget "Koting" */;
			buildPhases = (
				88D6614625F6833000550B96 /* Sources */,
				88D6614725F6833000550B96 /* Frameworks */,
				88D6614825F6833000550B96 /* Resources */,
			);
			buildRules = (
			);
			dependencies = (
			);
			name = Koting;
			packageProductDependencies = (
				88244BCC2607871C0013D9C9 /* Alamofire */,
				8822CF5E26088CB3004AD656 /* RxSwift */,
				8822CF6026088CB3004AD656 /* RxTest */,
				8822CF6226088CB3004AD656 /* RxRelay */,
				8822CF6426088CB3004AD656 /* RxCocoa */,
				8822CF6626088CB3004AD656 /* RxBlocking */,
			);
			productName = Koting;
			productReference = 88D6614A25F6833000550B96 /* Koting.app */;
			productType = "com.apple.product-type.application";
		};
/* End PBXNativeTarget section */

/* Begin PBXProject section */
		88D6614225F6833000550B96 /* Project object */ = {
			isa = PBXProject;
			attributes = {
				LastSwiftUpdateCheck = 1220;
				LastUpgradeCheck = 1220;
				TargetAttributes = {
					88D6614925F6833000550B96 = {
						CreatedOnToolsVersion = 12.2;
					};
				};
			};
			buildConfigurationList = 88D6614525F6833000550B96 /* Build configuration list for PBXProject "Koting" */;
			compatibilityVersion = "Xcode 9.3";
			developmentRegion = en;
			hasScannedForEncodings = 0;
			knownRegions = (
				en,
				Base,
			);
			mainGroup = 88D6614125F6833000550B96;
			packageReferences = (
				88244BCB2607871C0013D9C9 /* XCRemoteSwiftPackageReference "Alamofire" */,
				8822CF5D26088CB3004AD656 /* XCRemoteSwiftPackageReference "RxSwift" */,
			);
			productRefGroup = 88D6614B25F6833000550B96 /* Products */;
			projectDirPath = "";
			projectRoot = "";
			targets = (
				88D6614925F6833000550B96 /* Koting */,
			);
		};
/* End PBXProject section */

/* Begin PBXResourcesBuildPhase section */
		88D6614825F6833000550B96 /* Resources */ = {
			isa = PBXResourcesBuildPhase;
			buildActionMask = 2147483647;
			files = (
				88D6615A25F6833200550B96 /* LaunchScreen.storyboard in Resources */,
				88D6615725F6833200550B96 /* Assets.xcassets in Resources */,
				883FFF6C25F763670092E125 /* SignUp.storyboard in Resources */,
				88D6615525F6833000550B96 /* Main.storyboard in Resources */,
			);
			runOnlyForDeploymentPostprocessing = 0;
		};
/* End PBXResourcesBuildPhase section */

/* Begin PBXSourcesBuildPhase section */
		88D6614625F6833000550B96 /* Sources */ = {
			isa = PBXSourcesBuildPhase;
			buildActionMask = 2147483647;
			files = (
				88D6615225F6833000550B96 /* ViewController.swift in Sources */,
				88D6614E25F6833000550B96 /* AppDelegate.swift in Sources */,
				88D6615025F6833000550B96 /* SceneDelegate.swift in Sources */,
			);
			runOnlyForDeploymentPostprocessing = 0;
		};
/* End PBXSourcesBuildPhase section */

/* Begin PBXVariantGroup section */
		88D6615325F6833000550B96 /* Main.storyboard */ = {
			isa = PBXVariantGroup;
			children = (
				88D6615425F6833000550B96 /* Base */,
			);
			name = Main.storyboard;
			sourceTree = "<group>";
		};
		88D6615825F6833200550B96 /* LaunchScreen.storyboard */ = {
			isa = PBXVariantGroup;
			children = (
				88D6615925F6833200550B96 /* Base */,
			);
			name = LaunchScreen.storyboard;
			sourceTree = "<group>";
		};
/* End PBXVariantGroup section */

/* Begin XCBuildConfiguration section */
		88D6615C25F6833200550B96 /* Debug */ = {
			isa = XCBuildConfiguration;
			buildSettings = {
				ALWAYS_SEARCH_USER_PATHS = NO;
				CLANG_ANALYZER_NONNULL = YES;
				CLANG_ANALYZER_NUMBER_OBJECT_CONVERSION = YES_AGGRESSIVE;
				CLANG_CXX_LANGUAGE_STANDARD = "gnu++14";
				CLANG_CXX_LIBRARY = "libc++";
				CLANG_ENABLE_MODULES = YES;
				CLANG_ENABLE_OBJC_ARC = YES;
				CLANG_ENABLE_OBJC_WEAK = YES;
				CLANG_WARN_BLOCK_CAPTURE_AUTORELEASING = YES;
				CLANG_WARN_BOOL_CONVERSION = YES;
				CLANG_WARN_COMMA = YES;
				CLANG_WARN_CONSTANT_CONVERSION = YES;
				CLANG_WARN_DEPRECATED_OBJC_IMPLEMENTATIONS = YES;
				CLANG_WARN_DIRECT_OBJC_ISA_USAGE = YES_ERROR;
				CLANG_WARN_DOCUMENTATION_COMMENTS = YES;
				CLANG_WARN_EMPTY_BODY = YES;
				CLANG_WARN_ENUM_CONVERSION = YES;
				CLANG_WARN_INFINITE_RECURSION = YES;
				CLANG_WARN_INT_CONVERSION = YES;
				CLANG_WARN_NON_LITERAL_NULL_CONVERSION = YES;
				CLANG_WARN_OBJC_IMPLICIT_RETAIN_SELF = YES;
				CLANG_WARN_OBJC_LITERAL_CONVERSION = YES;
				CLANG_WARN_OBJC_ROOT_CLASS = YES_ERROR;
				CLANG_WARN_QUOTED_INCLUDE_IN_FRAMEWORK_HEADER = YES;
				CLANG_WARN_RANGE_LOOP_ANALYSIS = YES;
				CLANG_WARN_STRICT_PROTOTYPES = YES;
				CLANG_WARN_SUSPICIOUS_MOVE = YES;
				CLANG_WARN_UNGUARDED_AVAILABILITY = YES_AGGRESSIVE;
				CLANG_WARN_UNREACHABLE_CODE = YES;
				CLANG_WARN__DUPLICATE_METHOD_MATCH = YES;
				COPY_PHASE_STRIP = NO;
				DEBUG_INFORMATION_FORMAT = dwarf;
				ENABLE_STRICT_OBJC_MSGSEND = YES;
				ENABLE_TESTABILITY = YES;
				GCC_C_LANGUAGE_STANDARD = gnu11;
				GCC_DYNAMIC_NO_PIC = NO;
				GCC_NO_COMMON_BLOCKS = YES;
				GCC_OPTIMIZATION_LEVEL = 0;
				GCC_PREPROCESSOR_DEFINITIONS = (
					"DEBUG=1",
					"$(inherited)",
				);
				GCC_WARN_64_TO_32_BIT_CONVERSION = YES;
				GCC_WARN_ABOUT_RETURN_TYPE = YES_ERROR;
				GCC_WARN_UNDECLARED_SELECTOR = YES;
				GCC_WARN_UNINITIALIZED_AUTOS = YES_AGGRESSIVE;
				GCC_WARN_UNUSED_FUNCTION = YES;
				GCC_WARN_UNUSED_VARIABLE = YES;
				IPHONEOS_DEPLOYMENT_TARGET = 14.2;
				MTL_ENABLE_DEBUG_INFO = INCLUDE_SOURCE;
				MTL_FAST_MATH = YES;
				ONLY_ACTIVE_ARCH = YES;
				SDKROOT = iphoneos;
				SWIFT_ACTIVE_COMPILATION_CONDITIONS = DEBUG;
				SWIFT_OPTIMIZATION_LEVEL = "-Onone";
			};
			name = Debug;
		};
		88D6615D25F6833200550B96 /* Release */ = {
			isa = XCBuildConfiguration;
			buildSettings = {
				ALWAYS_SEARCH_USER_PATHS = NO;
				CLANG_ANALYZER_NONNULL = YES;
				CLANG_ANALYZER_NUMBER_OBJECT_CONVERSION = YES_AGGRESSIVE;
				CLANG_CXX_LANGUAGE_STANDARD = "gnu++14";
				CLANG_CXX_LIBRARY = "libc++";
				CLANG_ENABLE_MODULES = YES;
				CLANG_ENABLE_OBJC_ARC = YES;
				CLANG_ENABLE_OBJC_WEAK = YES;
				CLANG_WARN_BLOCK_CAPTURE_AUTORELEASING = YES;
				CLANG_WARN_BOOL_CONVERSION = YES;
				CLANG_WARN_COMMA = YES;
				CLANG_WARN_CONSTANT_CONVERSION = YES;
				CLANG_WARN_DEPRECATED_OBJC_IMPLEMENTATIONS = YES;
				CLANG_WARN_DIRECT_OBJC_ISA_USAGE = YES_ERROR;
				CLANG_WARN_DOCUMENTATION_COMMENTS = YES;
				CLANG_WARN_EMPTY_BODY = YES;
				CLANG_WARN_ENUM_CONVERSION = YES;
				CLANG_WARN_INFINITE_RECURSION = YES;
				CLANG_WARN_INT_CONVERSION = YES;
				CLANG_WARN_NON_LITERAL_NULL_CONVERSION = YES;
				CLANG_WARN_OBJC_IMPLICIT_RETAIN_SELF = YES;
				CLANG_WARN_OBJC_LITERAL_CONVERSION = YES;
				CLANG_WARN_OBJC_ROOT_CLASS = YES_ERROR;
				CLANG_WARN_QUOTED_INCLUDE_IN_FRAMEWORK_HEADER = YES;
				CLANG_WARN_RANGE_LOOP_ANALYSIS = YES;
				CLANG_WARN_STRICT_PROTOTYPES = YES;
				CLANG_WARN_SUSPICIOUS_MOVE = YES;
				CLANG_WARN_UNGUARDED_AVAILABILITY = YES_AGGRESSIVE;
				CLANG_WARN_UNREACHABLE_CODE = YES;
				CLANG_WARN__DUPLICATE_METHOD_MATCH = YES;
				COPY_PHASE_STRIP = NO;
				DEBUG_INFORMATION_FORMAT = "dwarf-with-dsym";
				ENABLE_NS_ASSERTIONS = NO;
				ENABLE_STRICT_OBJC_MSGSEND = YES;
				GCC_C_LANGUAGE_STANDARD = gnu11;
				GCC_NO_COMMON_BLOCKS = YES;
				GCC_WARN_64_TO_32_BIT_CONVERSION = YES;
				GCC_WARN_ABOUT_RETURN_TYPE = YES_ERROR;
				GCC_WARN_UNDECLARED_SELECTOR = YES;
				GCC_WARN_UNINITIALIZED_AUTOS = YES_AGGRESSIVE;
				GCC_WARN_UNUSED_FUNCTION = YES;
				GCC_WARN_UNUSED_VARIABLE = YES;
				IPHONEOS_DEPLOYMENT_TARGET = 14.2;
				MTL_ENABLE_DEBUG_INFO = NO;
				MTL_FAST_MATH = YES;
				SDKROOT = iphoneos;
				SWIFT_COMPILATION_MODE = wholemodule;
				SWIFT_OPTIMIZATION_LEVEL = "-O";
				VALIDATE_PRODUCT = YES;
			};
			name = Release;
		};
		88D6615F25F6833200550B96 /* Debug */ = {
			isa = XCBuildConfiguration;
			buildSettings = {
				ASSETCATALOG_COMPILER_APPICON_NAME = AppIcon;
				ASSETCATALOG_COMPILER_GLOBAL_ACCENT_COLOR_NAME = AccentColor;
				CODE_SIGN_STYLE = Automatic;
				INFOPLIST_FILE = Koting/Info.plist;
				LD_RUNPATH_SEARCH_PATHS = (
					"$(inherited)",
					"@executable_path/Frameworks",
				);
				PRODUCT_BUNDLE_IDENTIFIER = com.Koting;
				PRODUCT_NAME = "$(TARGET_NAME)";
				SWIFT_VERSION = 5.0;
				TARGETED_DEVICE_FAMILY = "1,2";
			};
			name = Debug;
		};
		88D6616025F6833200550B96 /* Release */ = {
			isa = XCBuildConfiguration;
			buildSettings = {
				ASSETCATALOG_COMPILER_APPICON_NAME = AppIcon;
				ASSETCATALOG_COMPILER_GLOBAL_ACCENT_COLOR_NAME = AccentColor;
				CODE_SIGN_STYLE = Automatic;
				INFOPLIST_FILE = Koting/Info.plist;
				LD_RUNPATH_SEARCH_PATHS = (
					"$(inherited)",
					"@executable_path/Frameworks",
				);
				PRODUCT_BUNDLE_IDENTIFIER = com.Koting;
				PRODUCT_NAME = "$(TARGET_NAME)";
				SWIFT_VERSION = 5.0;
				TARGETED_DEVICE_FAMILY = "1,2";
			};
			name = Release;
		};
/* End XCBuildConfiguration section */

/* Begin XCConfigurationList section */
		88D6614525F6833000550B96 /* Build configuration list for PBXProject "Koting" */ = {
			isa = XCConfigurationList;
			buildConfigurations = (
				88D6615C25F6833200550B96 /* Debug */,
				88D6615D25F6833200550B96 /* Release */,
			);
			defaultConfigurationIsVisible = 0;
			defaultConfigurationName = Release;
		};
		88D6615E25F6833200550B96 /* Build configuration list for PBXNativeTarget "Koting" */ = {
			isa = XCConfigurationList;
			buildConfigurations = (
				88D6615F25F6833200550B96 /* Debug */,
				88D6616025F6833200550B96 /* Release */,
			);
			defaultConfigurationIsVisible = 0;
			defaultConfigurationName = Release;
		};
/* End XCConfigurationList section */

/* Begin XCRemoteSwiftPackageReference section */
		8822CF5D26088CB3004AD656 /* XCRemoteSwiftPackageReference "RxSwift" */ = {
			isa = XCRemoteSwiftPackageReference;
			repositoryURL = "https://github.com/ReactiveX/RxSwift";
			requirement = {
				kind = upToNextMajorVersion;
				minimumVersion = 6.1.0;
			};
		};
		88244BCB2607871C0013D9C9 /* XCRemoteSwiftPackageReference "Alamofire" */ = {
			isa = XCRemoteSwiftPackageReference;
			repositoryURL = "https://github.com/Alamofire/Alamofire";
			requirement = {
				kind = upToNextMajorVersion;
				minimumVersion = 5.4.1;
			};
		};
/* End XCRemoteSwiftPackageReference section */

/* Begin XCSwiftPackageProductDependency section */
		8822CF5E26088CB3004AD656 /* RxSwift */ = {
			isa = XCSwiftPackageProductDependency;
			package = 8822CF5D26088CB3004AD656 /* XCRemoteSwiftPackageReference "RxSwift" */;
			productName = RxSwift;
		};
		8822CF6026088CB3004AD656 /* RxTest */ = {
			isa = XCSwiftPackageProductDependency;
			package = 8822CF5D26088CB3004AD656 /* XCRemoteSwiftPackageReference "RxSwift" */;
			productName = RxTest;
		};
		8822CF6226088CB3004AD656 /* RxRelay */ = {
			isa = XCSwiftPackageProductDependency;
			package = 8822CF5D26088CB3004AD656 /* XCRemoteSwiftPackageReference "RxSwift" */;
			productName = RxRelay;
		};
		8822CF6426088CB3004AD656 /* RxCocoa */ = {
			isa = XCSwiftPackageProductDependency;
			package = 8822CF5D26088CB3004AD656 /* XCRemoteSwiftPackageReference "RxSwift" */;
			productName = RxCocoa;
		};
		8822CF6626088CB3004AD656 /* RxBlocking */ = {
			isa = XCSwiftPackageProductDependency;
			package = 8822CF5D26088CB3004AD656 /* XCRemoteSwiftPackageReference "RxSwift" */;
			productName = RxBlocking;
		};
		88244BCC2607871C0013D9C9 /* Alamofire */ = {
			isa = XCSwiftPackageProductDependency;
			package = 88244BCB2607871C0013D9C9 /* XCRemoteSwiftPackageReference "Alamofire" */;
			productName = Alamofire;
		};
/* End XCSwiftPackageProductDependency section */
	};
	rootObject = 88D6614225F6833000550B96 /* Project object */;
}
