// !$*UTF8*$!
{
	archiveVersion = 1;
	classes = {
	};
	objectVersion = 51;
	objects = {

/* Begin PBXBuildFile section */
		158FAED07E1C0216C2767710 /* Pods_EmailCertify.framework in Frameworks */ = {isa = PBXBuildFile; fileRef = 212F8CE58A9B4E1173B16559 /* Pods_EmailCertify.framework */; };
		D3A1341725FA29AB00E8DD07 /* AppDelegate.swift in Sources */ = {isa = PBXBuildFile; fileRef = D3A1341625FA29AB00E8DD07 /* AppDelegate.swift */; };
		D3A1341925FA29AB00E8DD07 /* SceneDelegate.swift in Sources */ = {isa = PBXBuildFile; fileRef = D3A1341825FA29AB00E8DD07 /* SceneDelegate.swift */; };
		D3A1341B25FA29AB00E8DD07 /* ViewController.swift in Sources */ = {isa = PBXBuildFile; fileRef = D3A1341A25FA29AB00E8DD07 /* ViewController.swift */; };
		D3A1341E25FA29AB00E8DD07 /* Main.storyboard in Resources */ = {isa = PBXBuildFile; fileRef = D3A1341C25FA29AB00E8DD07 /* Main.storyboard */; };
		D3A1342025FA29AD00E8DD07 /* Assets.xcassets in Resources */ = {isa = PBXBuildFile; fileRef = D3A1341F25FA29AD00E8DD07 /* Assets.xcassets */; };
		D3A1342325FA29AD00E8DD07 /* LaunchScreen.storyboard in Resources */ = {isa = PBXBuildFile; fileRef = D3A1342125FA29AD00E8DD07 /* LaunchScreen.storyboard */; };
		D3A1346A25FF78BE00E8DD07 /* API.swift in Sources */ = {isa = PBXBuildFile; fileRef = D3A1346925FF78BE00E8DD07 /* API.swift */; };
		D3A1346D25FF7E8600E8DD07 /* StartViewController.swift in Sources */ = {isa = PBXBuildFile; fileRef = D3A1346C25FF7E8600E8DD07 /* StartViewController.swift */; };
/* End PBXBuildFile section */

/* Begin PBXFileReference section */
		212F8CE58A9B4E1173B16559 /* Pods_EmailCertify.framework */ = {isa = PBXFileReference; explicitFileType = wrapper.framework; includeInIndex = 0; path = Pods_EmailCertify.framework; sourceTree = BUILT_PRODUCTS_DIR; };
		997E4AE08425DC8404C23550 /* Pods-EmailCertify.release.xcconfig */ = {isa = PBXFileReference; includeInIndex = 1; lastKnownFileType = text.xcconfig; name = "Pods-EmailCertify.release.xcconfig"; path = "Target Support Files/Pods-EmailCertify/Pods-EmailCertify.release.xcconfig"; sourceTree = "<group>"; };
		9B7707C5094DD01E56CFA8ED /* Pods-EmailCertify.debug.xcconfig */ = {isa = PBXFileReference; includeInIndex = 1; lastKnownFileType = text.xcconfig; name = "Pods-EmailCertify.debug.xcconfig"; path = "Target Support Files/Pods-EmailCertify/Pods-EmailCertify.debug.xcconfig"; sourceTree = "<group>"; };
		D3A1341325FA29AB00E8DD07 /* EmailCertify.app */ = {isa = PBXFileReference; explicitFileType = wrapper.application; includeInIndex = 0; path = EmailCertify.app; sourceTree = BUILT_PRODUCTS_DIR; };
		D3A1341625FA29AB00E8DD07 /* AppDelegate.swift */ = {isa = PBXFileReference; lastKnownFileType = sourcecode.swift; path = AppDelegate.swift; sourceTree = "<group>"; };
		D3A1341825FA29AB00E8DD07 /* SceneDelegate.swift */ = {isa = PBXFileReference; lastKnownFileType = sourcecode.swift; path = SceneDelegate.swift; sourceTree = "<group>"; };
		D3A1341A25FA29AB00E8DD07 /* ViewController.swift */ = {isa = PBXFileReference; lastKnownFileType = sourcecode.swift; path = ViewController.swift; sourceTree = "<group>"; };
		D3A1341D25FA29AB00E8DD07 /* Base */ = {isa = PBXFileReference; lastKnownFileType = file.storyboard; name = Base; path = Base.lproj/Main.storyboard; sourceTree = "<group>"; };
		D3A1341F25FA29AD00E8DD07 /* Assets.xcassets */ = {isa = PBXFileReference; lastKnownFileType = folder.assetcatalog; path = Assets.xcassets; sourceTree = "<group>"; };
		D3A1342225FA29AD00E8DD07 /* Base */ = {isa = PBXFileReference; lastKnownFileType = file.storyboard; name = Base; path = Base.lproj/LaunchScreen.storyboard; sourceTree = "<group>"; };
		D3A1342425FA29AD00E8DD07 /* Info.plist */ = {isa = PBXFileReference; lastKnownFileType = text.plist.xml; path = Info.plist; sourceTree = "<group>"; };
		D3A1346925FF78BE00E8DD07 /* API.swift */ = {isa = PBXFileReference; lastKnownFileType = sourcecode.swift; path = API.swift; sourceTree = "<group>"; };
		D3A1346C25FF7E8600E8DD07 /* StartViewController.swift */ = {isa = PBXFileReference; lastKnownFileType = sourcecode.swift; path = StartViewController.swift; sourceTree = "<group>"; };
/* End PBXFileReference section */

/* Begin PBXFrameworksBuildPhase section */
		D3A1341025FA29AB00E8DD07 /* Frameworks */ = {
			isa = PBXFrameworksBuildPhase;
			buildActionMask = 2147483647;
			files = (
				158FAED07E1C0216C2767710 /* Pods_EmailCertify.framework in Frameworks */,
			);
			runOnlyForDeploymentPostprocessing = 0;
		};
/* End PBXFrameworksBuildPhase section */

/* Begin PBXGroup section */
		015EE3DAB8FBD756DC425CBB /* Frameworks */ = {
			isa = PBXGroup;
			children = (
				212F8CE58A9B4E1173B16559 /* Pods_EmailCertify.framework */,
			);
			name = Frameworks;
			sourceTree = "<group>";
		};
		8F20E927BA361ED6B16D84E5 /* Pods */ = {
			isa = PBXGroup;
			children = (
				9B7707C5094DD01E56CFA8ED /* Pods-EmailCertify.debug.xcconfig */,
				997E4AE08425DC8404C23550 /* Pods-EmailCertify.release.xcconfig */,
			);
			path = Pods;
			sourceTree = "<group>";
		};
		D3A1340A25FA29AB00E8DD07 = {
			isa = PBXGroup;
			children = (
				D3A1341525FA29AB00E8DD07 /* EmailCertify */,
				D3A1341425FA29AB00E8DD07 /* Products */,
				8F20E927BA361ED6B16D84E5 /* Pods */,
				015EE3DAB8FBD756DC425CBB /* Frameworks */,
			);
			sourceTree = "<group>";
		};
		D3A1341425FA29AB00E8DD07 /* Products */ = {
			isa = PBXGroup;
			children = (
				D3A1341325FA29AB00E8DD07 /* EmailCertify.app */,
			);
			name = Products;
			sourceTree = "<group>";
		};
		D3A1341525FA29AB00E8DD07 /* EmailCertify */ = {
			isa = PBXGroup;
			children = (
				D3A1341625FA29AB00E8DD07 /* AppDelegate.swift */,
				D3A1341825FA29AB00E8DD07 /* SceneDelegate.swift */,
				D3A1341A25FA29AB00E8DD07 /* ViewController.swift */,
				D3A1346C25FF7E8600E8DD07 /* StartViewController.swift */,
				D3A1341C25FA29AB00E8DD07 /* Main.storyboard */,
				D3A1341F25FA29AD00E8DD07 /* Assets.xcassets */,
				D3A1342125FA29AD00E8DD07 /* LaunchScreen.storyboard */,
				D3A1342425FA29AD00E8DD07 /* Info.plist */,
				D3A1346925FF78BE00E8DD07 /* API.swift */,
			);
			path = EmailCertify;
			sourceTree = "<group>";
		};
/* End PBXGroup section */

/* Begin PBXNativeTarget section */
		D3A1341225FA29AB00E8DD07 /* EmailCertify */ = {
			isa = PBXNativeTarget;
			buildConfigurationList = D3A1342725FA29AD00E8DD07 /* Build configuration list for PBXNativeTarget "EmailCertify" */;
			buildPhases = (
				35C127A226BA9C6CBDC0AB59 /* [CP] Check Pods Manifest.lock */,
				D3A1340F25FA29AB00E8DD07 /* Sources */,
				D3A1341025FA29AB00E8DD07 /* Frameworks */,
				D3A1341125FA29AB00E8DD07 /* Resources */,
				87CDAB759012FB77F9B1DE0A /* [CP] Embed Pods Frameworks */,
			);
			buildRules = (
			);
			dependencies = (
			);
			name = EmailCertify;
			productName = EmailCertify;
			productReference = D3A1341325FA29AB00E8DD07 /* EmailCertify.app */;
			productType = "com.apple.product-type.application";
		};
/* End PBXNativeTarget section */

/* Begin PBXProject section */
		D3A1340B25FA29AB00E8DD07 /* Project object */ = {
			isa = PBXProject;
			attributes = {
				LastSwiftUpdateCheck = 1230;
				LastUpgradeCheck = 1230;
				TargetAttributes = {
					D3A1341225FA29AB00E8DD07 = {
						CreatedOnToolsVersion = 12.3;
					};
				};
			};
			buildConfigurationList = D3A1340E25FA29AB00E8DD07 /* Build configuration list for PBXProject "EmailCertify" */;
			compatibilityVersion = "Xcode 9.3";
			developmentRegion = en;
			hasScannedForEncodings = 0;
			knownRegions = (
				en,
				Base,
			);
			mainGroup = D3A1340A25FA29AB00E8DD07;
			productRefGroup = D3A1341425FA29AB00E8DD07 /* Products */;
			projectDirPath = "";
			projectRoot = "";
			targets = (
				D3A1341225FA29AB00E8DD07 /* EmailCertify */,
			);
		};
/* End PBXProject section */

/* Begin PBXResourcesBuildPhase section */
		D3A1341125FA29AB00E8DD07 /* Resources */ = {
			isa = PBXResourcesBuildPhase;
			buildActionMask = 2147483647;
			files = (
				D3A1342325FA29AD00E8DD07 /* LaunchScreen.storyboard in Resources */,
				D3A1342025FA29AD00E8DD07 /* Assets.xcassets in Resources */,
				D3A1341E25FA29AB00E8DD07 /* Main.storyboard in Resources */,
			);
			runOnlyForDeploymentPostprocessing = 0;
		};
/* End PBXResourcesBuildPhase section */

/* Begin PBXShellScriptBuildPhase section */
		35C127A226BA9C6CBDC0AB59 /* [CP] Check Pods Manifest.lock */ = {
			isa = PBXShellScriptBuildPhase;
			buildActionMask = 2147483647;
			files = (
			);
			inputFileListPaths = (
			);
			inputPaths = (
				"${PODS_PODFILE_DIR_PATH}/Podfile.lock",
				"${PODS_ROOT}/Manifest.lock",
			);
			name = "[CP] Check Pods Manifest.lock";
			outputFileListPaths = (
			);
			outputPaths = (
				"$(DERIVED_FILE_DIR)/Pods-EmailCertify-checkManifestLockResult.txt",
			);
			runOnlyForDeploymentPostprocessing = 0;
			shellPath = /bin/sh;
			shellScript = "diff \"${PODS_PODFILE_DIR_PATH}/Podfile.lock\" \"${PODS_ROOT}/Manifest.lock\" > /dev/null\nif [ $? != 0 ] ; then\n    # print error to STDERR\n    echo \"error: The sandbox is not in sync with the Podfile.lock. Run 'pod install' or update your CocoaPods installation.\" >&2\n    exit 1\nfi\n# This output is used by Xcode 'outputs' to avoid re-running this script phase.\necho \"SUCCESS\" > \"${SCRIPT_OUTPUT_FILE_0}\"\n";
			showEnvVarsInLog = 0;
		};
		87CDAB759012FB77F9B1DE0A /* [CP] Embed Pods Frameworks */ = {
			isa = PBXShellScriptBuildPhase;
			buildActionMask = 2147483647;
			files = (
			);
			inputFileListPaths = (
				"${PODS_ROOT}/Target Support Files/Pods-EmailCertify/Pods-EmailCertify-frameworks-${CONFIGURATION}-input-files.xcfilelist",
			);
			name = "[CP] Embed Pods Frameworks";
			outputFileListPaths = (
				"${PODS_ROOT}/Target Support Files/Pods-EmailCertify/Pods-EmailCertify-frameworks-${CONFIGURATION}-output-files.xcfilelist",
			);
			runOnlyForDeploymentPostprocessing = 0;
			shellPath = /bin/sh;
			shellScript = "\"${PODS_ROOT}/Target Support Files/Pods-EmailCertify/Pods-EmailCertify-frameworks.sh\"\n";
			showEnvVarsInLog = 0;
		};
/* End PBXShellScriptBuildPhase section */

/* Begin PBXSourcesBuildPhase section */
		D3A1340F25FA29AB00E8DD07 /* Sources */ = {
			isa = PBXSourcesBuildPhase;
			buildActionMask = 2147483647;
			files = (
				D3A1346D25FF7E8600E8DD07 /* StartViewController.swift in Sources */,
				D3A1341B25FA29AB00E8DD07 /* ViewController.swift in Sources */,
				D3A1341725FA29AB00E8DD07 /* AppDelegate.swift in Sources */,
				D3A1346A25FF78BE00E8DD07 /* API.swift in Sources */,
				D3A1341925FA29AB00E8DD07 /* SceneDelegate.swift in Sources */,
			);
			runOnlyForDeploymentPostprocessing = 0;
		};
/* End PBXSourcesBuildPhase section */

/* Begin PBXVariantGroup section */
		D3A1341C25FA29AB00E8DD07 /* Main.storyboard */ = {
			isa = PBXVariantGroup;
			children = (
				D3A1341D25FA29AB00E8DD07 /* Base */,
			);
			name = Main.storyboard;
			sourceTree = "<group>";
		};
		D3A1342125FA29AD00E8DD07 /* LaunchScreen.storyboard */ = {
			isa = PBXVariantGroup;
			children = (
				D3A1342225FA29AD00E8DD07 /* Base */,
			);
			name = LaunchScreen.storyboard;
			sourceTree = "<group>";
		};
/* End PBXVariantGroup section */

/* Begin XCBuildConfiguration section */
		D3A1342525FA29AD00E8DD07 /* Debug */ = {
			isa = XCBuildConfiguration;
			buildSettings = {
				ALWAYS_SEARCH_USER_PATHS = NO;
				CLANG_ANALYZER_NONNULL = YES;
				CLANG_ANALYZER_NUMBER_OBJECT_CONVERSION = YES_AGGRESSIVE;
				CLANG_CXX_LANGUAGE_STANDARD = "gnu++14";
				CLANG_CXX_LIBRARY = "libc++";
				CLANG_ENABLE_MODULES = YES;
				CLANG_ENABLE_OBJC_ARC = YES;
				CLANG_ENABLE_OBJC_WEAK = YES;
				CLANG_WARN_BLOCK_CAPTURE_AUTORELEASING = YES;
				CLANG_WARN_BOOL_CONVERSION = YES;
				CLANG_WARN_COMMA = YES;
				CLANG_WARN_CONSTANT_CONVERSION = YES;
				CLANG_WARN_DEPRECATED_OBJC_IMPLEMENTATIONS = YES;
				CLANG_WARN_DIRECT_OBJC_ISA_USAGE = YES_ERROR;
				CLANG_WARN_DOCUMENTATION_COMMENTS = YES;
				CLANG_WARN_EMPTY_BODY = YES;
				CLANG_WARN_ENUM_CONVERSION = YES;
				CLANG_WARN_INFINITE_RECURSION = YES;
				CLANG_WARN_INT_CONVERSION = YES;
				CLANG_WARN_NON_LITERAL_NULL_CONVERSION = YES;
				CLANG_WARN_OBJC_IMPLICIT_RETAIN_SELF = YES;
				CLANG_WARN_OBJC_LITERAL_CONVERSION = YES;
				CLANG_WARN_OBJC_ROOT_CLASS = YES_ERROR;
				CLANG_WARN_QUOTED_INCLUDE_IN_FRAMEWORK_HEADER = YES;
				CLANG_WARN_RANGE_LOOP_ANALYSIS = YES;
				CLANG_WARN_STRICT_PROTOTYPES = YES;
				CLANG_WARN_SUSPICIOUS_MOVE = YES;
				CLANG_WARN_UNGUARDED_AVAILABILITY = YES_AGGRESSIVE;
				CLANG_WARN_UNREACHABLE_CODE = YES;
				CLANG_WARN__DUPLICATE_METHOD_MATCH = YES;
				COPY_PHASE_STRIP = NO;
				DEBUG_INFORMATION_FORMAT = dwarf;
				ENABLE_STRICT_OBJC_MSGSEND = YES;
				ENABLE_TESTABILITY = YES;
				GCC_C_LANGUAGE_STANDARD = gnu11;
				GCC_DYNAMIC_NO_PIC = NO;
				GCC_NO_COMMON_BLOCKS = YES;
				GCC_OPTIMIZATION_LEVEL = 0;
				GCC_PREPROCESSOR_DEFINITIONS = (
					"DEBUG=1",
					"$(inherited)",
				);
				GCC_WARN_64_TO_32_BIT_CONVERSION = YES;
				GCC_WARN_ABOUT_RETURN_TYPE = YES_ERROR;
				GCC_WARN_UNDECLARED_SELECTOR = YES;
				GCC_WARN_UNINITIALIZED_AUTOS = YES_AGGRESSIVE;
				GCC_WARN_UNUSED_FUNCTION = YES;
				GCC_WARN_UNUSED_VARIABLE = YES;
				IPHONEOS_DEPLOYMENT_TARGET = 14.3;
				MTL_ENABLE_DEBUG_INFO = INCLUDE_SOURCE;
				MTL_FAST_MATH = YES;
				ONLY_ACTIVE_ARCH = YES;
				SDKROOT = iphoneos;
				SWIFT_ACTIVE_COMPILATION_CONDITIONS = DEBUG;
				SWIFT_OPTIMIZATION_LEVEL = "-Onone";
			};
			name = Debug;
		};
		D3A1342625FA29AD00E8DD07 /* Release */ = {
			isa = XCBuildConfiguration;
			buildSettings = {
				ALWAYS_SEARCH_USER_PATHS = NO;
				CLANG_ANALYZER_NONNULL = YES;
				CLANG_ANALYZER_NUMBER_OBJECT_CONVERSION = YES_AGGRESSIVE;
				CLANG_CXX_LANGUAGE_STANDARD = "gnu++14";
				CLANG_CXX_LIBRARY = "libc++";
				CLANG_ENABLE_MODULES = YES;
				CLANG_ENABLE_OBJC_ARC = YES;
				CLANG_ENABLE_OBJC_WEAK = YES;
				CLANG_WARN_BLOCK_CAPTURE_AUTORELEASING = YES;
				CLANG_WARN_BOOL_CONVERSION = YES;
				CLANG_WARN_COMMA = YES;
				CLANG_WARN_CONSTANT_CONVERSION = YES;
				CLANG_WARN_DEPRECATED_OBJC_IMPLEMENTATIONS = YES;
				CLANG_WARN_DIRECT_OBJC_ISA_USAGE = YES_ERROR;
				CLANG_WARN_DOCUMENTATION_COMMENTS = YES;
				CLANG_WARN_EMPTY_BODY = YES;
				CLANG_WARN_ENUM_CONVERSION = YES;
				CLANG_WARN_INFINITE_RECURSION = YES;
				CLANG_WARN_INT_CONVERSION = YES;
				CLANG_WARN_NON_LITERAL_NULL_CONVERSION = YES;
				CLANG_WARN_OBJC_IMPLICIT_RETAIN_SELF = YES;
				CLANG_WARN_OBJC_LITERAL_CONVERSION = YES;
				CLANG_WARN_OBJC_ROOT_CLASS = YES_ERROR;
				CLANG_WARN_QUOTED_INCLUDE_IN_FRAMEWORK_HEADER = YES;
				CLANG_WARN_RANGE_LOOP_ANALYSIS = YES;
				CLANG_WARN_STRICT_PROTOTYPES = YES;
				CLANG_WARN_SUSPICIOUS_MOVE = YES;
				CLANG_WARN_UNGUARDED_AVAILABILITY = YES_AGGRESSIVE;
				CLANG_WARN_UNREACHABLE_CODE = YES;
				CLANG_WARN__DUPLICATE_METHOD_MATCH = YES;
				COPY_PHASE_STRIP = NO;
				DEBUG_INFORMATION_FORMAT = "dwarf-with-dsym";
				ENABLE_NS_ASSERTIONS = NO;
				ENABLE_STRICT_OBJC_MSGSEND = YES;
				GCC_C_LANGUAGE_STANDARD = gnu11;
				GCC_NO_COMMON_BLOCKS = YES;
				GCC_WARN_64_TO_32_BIT_CONVERSION = YES;
				GCC_WARN_ABOUT_RETURN_TYPE = YES_ERROR;
				GCC_WARN_UNDECLARED_SELECTOR = YES;
				GCC_WARN_UNINITIALIZED_AUTOS = YES_AGGRESSIVE;
				GCC_WARN_UNUSED_FUNCTION = YES;
				GCC_WARN_UNUSED_VARIABLE = YES;
				IPHONEOS_DEPLOYMENT_TARGET = 14.3;
				MTL_ENABLE_DEBUG_INFO = NO;
				MTL_FAST_MATH = YES;
				SDKROOT = iphoneos;
				SWIFT_COMPILATION_MODE = wholemodule;
				SWIFT_OPTIMIZATION_LEVEL = "-O";
				VALIDATE_PRODUCT = YES;
			};
			name = Release;
		};
		D3A1342825FA29AD00E8DD07 /* Debug */ = {
			isa = XCBuildConfiguration;
			baseConfigurationReference = 9B7707C5094DD01E56CFA8ED /* Pods-EmailCertify.debug.xcconfig */;
			buildSettings = {
				ASSETCATALOG_COMPILER_APPICON_NAME = AppIcon;
				ASSETCATALOG_COMPILER_GLOBAL_ACCENT_COLOR_NAME = AccentColor;
				CODE_SIGN_STYLE = Automatic;
				INFOPLIST_FILE = EmailCertify/Info.plist;
				LD_RUNPATH_SEARCH_PATHS = (
					"$(inherited)",
					"@executable_path/Frameworks",
				);
				PRODUCT_BUNDLE_IDENTIFIER = com.EmailCertify;
				PRODUCT_NAME = "$(TARGET_NAME)";
				SWIFT_VERSION = 5.0;
				TARGETED_DEVICE_FAMILY = "1,2";
			};
			name = Debug;
		};
		D3A1342925FA29AD00E8DD07 /* Release */ = {
			isa = XCBuildConfiguration;
			baseConfigurationReference = 997E4AE08425DC8404C23550 /* Pods-EmailCertify.release.xcconfig */;
			buildSettings = {
				ASSETCATALOG_COMPILER_APPICON_NAME = AppIcon;
				ASSETCATALOG_COMPILER_GLOBAL_ACCENT_COLOR_NAME = AccentColor;
				CODE_SIGN_STYLE = Automatic;
				INFOPLIST_FILE = EmailCertify/Info.plist;
				LD_RUNPATH_SEARCH_PATHS = (
					"$(inherited)",
					"@executable_path/Frameworks",
				);
				PRODUCT_BUNDLE_IDENTIFIER = com.EmailCertify;
				PRODUCT_NAME = "$(TARGET_NAME)";
				SWIFT_VERSION = 5.0;
				TARGETED_DEVICE_FAMILY = "1,2";
			};
			name = Release;
		};
/* End XCBuildConfiguration section */

/* Begin XCConfigurationList section */
		D3A1340E25FA29AB00E8DD07 /* Build configuration list for PBXProject "EmailCertify" */ = {
			isa = XCConfigurationList;
			buildConfigurations = (
				D3A1342525FA29AD00E8DD07 /* Debug */,
				D3A1342625FA29AD00E8DD07 /* Release */,
			);
			defaultConfigurationIsVisible = 0;
			defaultConfigurationName = Release;
		};
		D3A1342725FA29AD00E8DD07 /* Build configuration list for PBXNativeTarget "EmailCertify" */ = {
			isa = XCConfigurationList;
			buildConfigurations = (
				D3A1342825FA29AD00E8DD07 /* Debug */,
				D3A1342925FA29AD00E8DD07 /* Release */,
			);
			defaultConfigurationIsVisible = 0;
			defaultConfigurationName = Release;
		};
/* End XCConfigurationList section */
	};
	rootObject = D3A1340B25FA29AB00E8DD07 /* Project object */;
}
